
Microsoft Visual Studio Solution File, Format Version 12.00
# Visual Studio 15
VisualStudioVersion = 15.0.28307.489
MinimumVisualStudioVersion = 10.0.40219.1
Project("{FAE04EC0-301F-11D3-BF4B-00C04F79EFBC}") = "Wxt.OnlineSportStore.WebApp", "Wxt.OnlineSportStore.WebApp\Wxt.OnlineSportStore.WebApp.csproj", "{42C88BB9-F938-41F6-A0F1-459183AA269F}"
EndProject
Project("{FAE04EC0-301F-11D3-BF4B-00C04F79EFBC}") = "Wxt.OnlineSportStore.Domain", "Wxt.OnlineSportStore.Domain\Wxt.OnlineSportStore.Domain.csproj", "{0FBB8C7C-08D6-4488-B2C1-F62DFDE48533}"
EndProject
Project("{FAE04EC0-301F-11D3-BF4B-00C04F79EFBC}") = "Wxt.OnlineSportStore.UnitTests", "Wxt.OnlineSportStore.UnitTests\Wxt.OnlineSportStore.UnitTests.csproj", "{815428A7-8F7F-40FA-ADE6-217EE95DA341}"
EndProject
Project("{FAE04EC0-301F-11D3-BF4B-00C04F79EFBC}") = "Wxt.OnlineSportStore.DebugConsole", "Wxt.OnlineSportStore.DebugConsole\Wxt.OnlineSportStore.DebugConsole.csproj", "{C4D466FA-FE99-49A5-A4A2-8EB590698D07}"
EndProject
Global
	GlobalSection(SolutionConfigurationPlatforms) = preSolution
		Debug|Any CPU = Debug|Any CPU
		Release|Any CPU = Release|Any CPU
	EndGlobalSection
	GlobalSection(ProjectConfigurationPlatforms) = postSolution
		{42C88BB9-F938-41F6-A0F1-459183AA269F}.Debug|Any CPU.ActiveCfg = Debug|Any CPU
		{42C88BB9-F938-41F6-A0F1-459183AA269F}.Debug|Any CPU.Build.0 = Debug|Any CPU
		{42C88BB9-F938-41F6-A0F1-459183AA269F}.Release|Any CPU.ActiveCfg = Release|Any CPU
		{42C88BB9-F938-41F6-A0F1-459183AA269F}.Release|Any CPU.Build.0 = Release|Any CPU
		{0FBB8C7C-08D6-4488-B2C1-F62DFDE48533}.Debug|Any CPU.ActiveCfg = Debug|Any CPU
		{0FBB8C7C-08D6-4488-B2C1-F62DFDE48533}.Debug|Any CPU.Build.0 = Debug|Any CPU
		{0FBB8C7C-08D6-4488-B2C1-F62DFDE48533}.Release|Any CPU.ActiveCfg = Release|Any CPU
		{0FBB8C7C-08D6-4488-B2C1-F62DFDE48533}.Release|Any CPU.Build.0 = Release|Any CPU
		{815428A7-8F7F-40FA-ADE6-217EE95DA341}.Debug|Any CPU.ActiveCfg = Debug|Any CPU
		{815428A7-8F7F-40FA-ADE6-217EE95DA341}.Debug|Any CPU.Build.0 = Debug|Any CPU
		{815428A7-8F7F-40FA-ADE6-217EE95DA341}.Release|Any CPU.ActiveCfg = Release|Any CPU
		{815428A7-8F7F-40FA-ADE6-217EE95DA341}.Release|Any CPU.Build.0 = Release|Any CPU
		{C4D466FA-FE99-49A5-A4A2-8EB590698D07}.Debug|Any CPU.ActiveCfg = Debug|Any CPU
		{C4D466FA-FE99-49A5-A4A2-8EB590698D07}.Debug|Any CPU.Build.0 = Debug|Any CPU
		{C4D466FA-FE99-49A5-A4A2-8EB590698D07}.Release|Any CPU.ActiveCfg = Release|Any CPU
		{C4D466FA-FE99-49A5-A4A2-8EB590698D07}.Release|Any CPU.Build.0 = Release|Any CPU
	EndGlobalSection
	GlobalSection(SolutionProperties) = preSolution
		HideSolutionNode = FALSE
	EndGlobalSection
	GlobalSection(ExtensibilityGlobals) = postSolution
		SolutionGuid = {737B5FFE-5986-461C-AD71-8B21A8CF6020}
	EndGlobalSection
EndGlobal
